# THIS IS AN AUTOGENERATED FILE. DO NOT EDIT THIS FILE DIRECTLY.
# yarn lockfile v1


"@types/jquery@2.0.42":
  version "2.0.42"
  resolved "https://registry.yarnpkg.com/@types/jquery/-/jquery-2.0.42.tgz#57cdb1a0f610ddad488adf620e40f8d07ff3ecdf"
  integrity sha1-V82xoPYQ3a1Iit9iDkD40H/z7N8=

typescript@2.3.2:
  version "2.3.2"
  resolved "https://registry.yarnpkg.com/typescript/-/typescript-2.3.2.tgz#f0f045e196f69a72f06b25fd3bd39d01c3ce9984"
  integrity sha1-8PBF4Zb2mnLwayX9O9OdAcPOmYQ=
